
Microsoft Visual Studio Solution File, Format Version 12.00
# Visual Studio Version 17
VisualStudioVersion = 17.8.34511.84
MinimumVisualStudioVersion = 10.0.40219.1
Project("{9A19103F-16F7-4668-BE54-9A1E7A4F7556}") = "Projects", "Projects\Projects.csproj", "{338C0327-C313-4F91-9B2F-94210BF999DE}"
EndProject
Project("{9A19103F-16F7-4668-BE54-9A1E7A4F7556}") = "CP_7.1", "CP_7.1\CP_7.1.csproj", "{3D12628D-3C2B-4577-81E9-0D156C12575E}"
EndProject
Project("{9A19103F-16F7-4668-BE54-9A1E7A4F7556}") = "CP_7.2", "CP_7.2\CP_7.2.csproj", "{0DEC1E43-55CA-4397-BD56-30A1F0D83BB7}"
EndProject
Project("{9A19103F-16F7-4668-BE54-9A1E7A4F7556}") = "CP_7.3", "CP_7.3\CP_7.3.csproj", "{211C5A76-6E22-433E-BBAF-5C9F4564392E}"
EndProject
Project("{9A19103F-16F7-4668-BE54-9A1E7A4F7556}") = "CP_8.1", "CP_8.1\CP_8.1.csproj", "{6D0B1925-0907-40BD-880F-3C227716FAD3}"
EndProject
Project("{9A19103F-16F7-4668-BE54-9A1E7A4F7556}") = "CP_8.2", "CP_8.2\CP_8.2.csproj", "{3D02C7FC-9AF1-46EA-AFAD-7CDD464EE0E9}"
EndProject
Project("{9A19103F-16F7-4668-BE54-9A1E7A4F7556}") = "CP_8.3", "CP_8.3\CP_8.3.csproj", "{89CED42A-2AB4-493E-8D9E-701136DAC0DC}"
EndProject
Project("{9A19103F-16F7-4668-BE54-9A1E7A4F7556}") = "CP_10.1", "CP_10.1\CP_10.1.csproj", "{25B9C730-AD68-4881-B407-D4364E209318}"
EndProject
Project("{9A19103F-16F7-4668-BE54-9A1E7A4F7556}") = "CP_10.2", "CP_10.2\CP_10.2.csproj", "{26F0210C-F689-4C6A-A640-D9F68A4AA416}"
EndProject
Project("{9A19103F-16F7-4668-BE54-9A1E7A4F7556}") = "CP_10.3", "CP_10.3\CP_10.3.csproj", "{7CB4400C-2873-4D48-9B69-E5FD39C9671C}"
EndProject
Project("{9A19103F-16F7-4668-BE54-9A1E7A4F7556}") = "CP_11.1", "CP_11.1\CP_11.1.csproj", "{A0AD9B8F-7A30-4257-B3D8-DAF30B22C488}"
EndProject
Project("{9A19103F-16F7-4668-BE54-9A1E7A4F7556}") = "CP_11.2", "CP_11.2\CP_11.2.csproj", "{CA99777C-CC99-4EFA-8015-D7E293757F8C}"
EndProject
Project("{9A19103F-16F7-4668-BE54-9A1E7A4F7556}") = "CP_11.3", "CP_11.3\CP_11.3.csproj", "{40120A7D-E34B-41D0-8A7E-31599EB26B94}"
EndProject
Project("{9A19103F-16F7-4668-BE54-9A1E7A4F7556}") = "CP_12.1", "CP_12.1\CP_12.1.csproj", "{CD961453-2A07-495F-9E81-B578570938D4}"
EndProject
Project("{9A19103F-16F7-4668-BE54-9A1E7A4F7556}") = "CP_12.2", "CP_12.2\CP_12.2.csproj", "{C6204B47-92BA-42CC-999D-056B9316B375}"
EndProject
Project("{9A19103F-16F7-4668-BE54-9A1E7A4F7556}") = "CP_12.3", "CP_12.3\CP_12.3.csproj", "{55FC4FC7-5BDA-4329-9EF7-C1C63A16905F}"
EndProject
Project("{FAE04EC0-301F-11D3-BF4B-00C04F79EFBC}") = "CP_13.1", "CP_13.1\CP_13.1.csproj", "{0E1722B8-703A-4AD0-8806-F86821054399}"
EndProject
Project("{FAE04EC0-301F-11D3-BF4B-00C04F79EFBC}") = "CP_13.2", "CP_13.2\CP_13.2.csproj", "{B9366A11-31E2-4D2D-BFF0-1B515155685A}"
EndProject
Project("{FAE04EC0-301F-11D3-BF4B-00C04F79EFBC}") = "CP_13.3", "CP_13.3\CP_13.3.csproj", "{EF84714B-0EC6-416F-82CD-9C6F9D780E6D}"
EndProject
Project("{FAE04EC0-301F-11D3-BF4B-00C04F79EFBC}") = "CP_14.1", "CP_14.1\CP_14.1.csproj", "{0FE5B3CB-9E97-426E-B348-B86EBC2BE427}"
EndProject
Project("{FAE04EC0-301F-11D3-BF4B-00C04F79EFBC}") = "CP_14.2", "CP_14.2\CP_14.2.csproj", "{F965294A-CDA3-473E-960F-6BE06D2082D5}"
EndProject
Project("{FAE04EC0-301F-11D3-BF4B-00C04F79EFBC}") = "CP_14.3", "CP_14.3\CP_14.3.csproj", "{39BBEAC1-9700-46A4-B910-0DB884B85E33}"
EndProject
Project("{FAE04EC0-301F-11D3-BF4B-00C04F79EFBC}") = "CP_15.1", "CP_15.1\CP_15.1.csproj", "{2E21CB4B-3A26-4B73-B77B-072D504251F7}"
EndProject
Project("{FAE04EC0-301F-11D3-BF4B-00C04F79EFBC}") = "CP_15.2", "CP_15.2\CP_15.2.csproj", "{9B9954CF-FF89-4B59-8673-4AEE8B57BB8B}"
EndProject
Project("{FAE04EC0-301F-11D3-BF4B-00C04F79EFBC}") = "CP_15.3", "CP_15.3\CP_15.3.csproj", "{D491AD94-5FB7-4716-8430-D647A170B71F}"
EndProject
Project("{FAE04EC0-301F-11D3-BF4B-00C04F79EFBC}") = "CP_16.1", "CP_16.1\CP_16.1.csproj", "{D446CDC6-5C57-4E27-9CE2-3A6C3192132A}"
EndProject
Project("{FAE04EC0-301F-11D3-BF4B-00C04F79EFBC}") = "CP_16.2", "CP_16.2\CP_16.2.csproj", "{537DBC2D-4907-4574-A4FA-DBFDA7CB3847}"
EndProject
Project("{FAE04EC0-301F-11D3-BF4B-00C04F79EFBC}") = "CP_16.3", "CP_16.3\CP_16.3.csproj", "{853E9010-3931-4385-ADB7-BD35776FAFA7}"
EndProject
Global
	GlobalSection(SolutionConfigurationPlatforms) = preSolution
		Debug|Any CPU = Debug|Any CPU
		Release|Any CPU = Release|Any CPU
	EndGlobalSection
	GlobalSection(ProjectConfigurationPlatforms) = postSolution
		{338C0327-C313-4F91-9B2F-94210BF999DE}.Debug|Any CPU.ActiveCfg = Debug|Any CPU
		{338C0327-C313-4F91-9B2F-94210BF999DE}.Debug|Any CPU.Build.0 = Debug|Any CPU
		{338C0327-C313-4F91-9B2F-94210BF999DE}.Release|Any CPU.ActiveCfg = Release|Any CPU
		{338C0327-C313-4F91-9B2F-94210BF999DE}.Release|Any CPU.Build.0 = Release|Any CPU
		{3D12628D-3C2B-4577-81E9-0D156C12575E}.Debug|Any CPU.ActiveCfg = Debug|Any CPU
		{3D12628D-3C2B-4577-81E9-0D156C12575E}.Debug|Any CPU.Build.0 = Debug|Any CPU
		{3D12628D-3C2B-4577-81E9-0D156C12575E}.Release|Any CPU.ActiveCfg = Release|Any CPU
		{3D12628D-3C2B-4577-81E9-0D156C12575E}.Release|Any CPU.Build.0 = Release|Any CPU
		{0DEC1E43-55CA-4397-BD56-30A1F0D83BB7}.Debug|Any CPU.ActiveCfg = Debug|Any CPU
		{0DEC1E43-55CA-4397-BD56-30A1F0D83BB7}.Debug|Any CPU.Build.0 = Debug|Any CPU
		{0DEC1E43-55CA-4397-BD56-30A1F0D83BB7}.Release|Any CPU.ActiveCfg = Release|Any CPU
		{0DEC1E43-55CA-4397-BD56-30A1F0D83BB7}.Release|Any CPU.Build.0 = Release|Any CPU
		{211C5A76-6E22-433E-BBAF-5C9F4564392E}.Debug|Any CPU.ActiveCfg = Debug|Any CPU
		{211C5A76-6E22-433E-BBAF-5C9F4564392E}.Debug|Any CPU.Build.0 = Debug|Any CPU
		{211C5A76-6E22-433E-BBAF-5C9F4564392E}.Release|Any CPU.ActiveCfg = Release|Any CPU
		{211C5A76-6E22-433E-BBAF-5C9F4564392E}.Release|Any CPU.Build.0 = Release|Any CPU
		{6D0B1925-0907-40BD-880F-3C227716FAD3}.Debug|Any CPU.ActiveCfg = Debug|Any CPU
		{6D0B1925-0907-40BD-880F-3C227716FAD3}.Debug|Any CPU.Build.0 = Debug|Any CPU
		{6D0B1925-0907-40BD-880F-3C227716FAD3}.Release|Any CPU.ActiveCfg = Release|Any CPU
		{6D0B1925-0907-40BD-880F-3C227716FAD3}.Release|Any CPU.Build.0 = Release|Any CPU
		{3D02C7FC-9AF1-46EA-AFAD-7CDD464EE0E9}.Debug|Any CPU.ActiveCfg = Debug|Any CPU
		{3D02C7FC-9AF1-46EA-AFAD-7CDD464EE0E9}.Debug|Any CPU.Build.0 = Debug|Any CPU
		{3D02C7FC-9AF1-46EA-AFAD-7CDD464EE0E9}.Release|Any CPU.ActiveCfg = Release|Any CPU
		{3D02C7FC-9AF1-46EA-AFAD-7CDD464EE0E9}.Release|Any CPU.Build.0 = Release|Any CPU
		{89CED42A-2AB4-493E-8D9E-701136DAC0DC}.Debug|Any CPU.ActiveCfg = Debug|Any CPU
		{89CED42A-2AB4-493E-8D9E-701136DAC0DC}.Debug|Any CPU.Build.0 = Debug|Any CPU
		{89CED42A-2AB4-493E-8D9E-701136DAC0DC}.Release|Any CPU.ActiveCfg = Release|Any CPU
		{89CED42A-2AB4-493E-8D9E-701136DAC0DC}.Release|Any CPU.Build.0 = Release|Any CPU
		{25B9C730-AD68-4881-B407-D4364E209318}.Debug|Any CPU.ActiveCfg = Debug|Any CPU
		{25B9C730-AD68-4881-B407-D4364E209318}.Debug|Any CPU.Build.0 = Debug|Any CPU
		{25B9C730-AD68-4881-B407-D4364E209318}.Release|Any CPU.ActiveCfg = Release|Any CPU
		{25B9C730-AD68-4881-B407-D4364E209318}.Release|Any CPU.Build.0 = Release|Any CPU
		{26F0210C-F689-4C6A-A640-D9F68A4AA416}.Debug|Any CPU.ActiveCfg = Debug|Any CPU
		{26F0210C-F689-4C6A-A640-D9F68A4AA416}.Debug|Any CPU.Build.0 = Debug|Any CPU
		{26F0210C-F689-4C6A-A640-D9F68A4AA416}.Release|Any CPU.ActiveCfg = Release|Any CPU
		{26F0210C-F689-4C6A-A640-D9F68A4AA416}.Release|Any CPU.Build.0 = Release|Any CPU
		{7CB4400C-2873-4D48-9B69-E5FD39C9671C}.Debug|Any CPU.ActiveCfg = Debug|Any CPU
		{7CB4400C-2873-4D48-9B69-E5FD39C9671C}.Debug|Any CPU.Build.0 = Debug|Any CPU
		{7CB4400C-2873-4D48-9B69-E5FD39C9671C}.Release|Any CPU.ActiveCfg = Release|Any CPU
		{7CB4400C-2873-4D48-9B69-E5FD39C9671C}.Release|Any CPU.Build.0 = Release|Any CPU
		{A0AD9B8F-7A30-4257-B3D8-DAF30B22C488}.Debug|Any CPU.ActiveCfg = Debug|Any CPU
		{A0AD9B8F-7A30-4257-B3D8-DAF30B22C488}.Debug|Any CPU.Build.0 = Debug|Any CPU
		{A0AD9B8F-7A30-4257-B3D8-DAF30B22C488}.Release|Any CPU.ActiveCfg = Release|Any CPU
		{A0AD9B8F-7A30-4257-B3D8-DAF30B22C488}.Release|Any CPU.Build.0 = Release|Any CPU
		{CA99777C-CC99-4EFA-8015-D7E293757F8C}.Debug|Any CPU.ActiveCfg = Debug|Any CPU
		{CA99777C-CC99-4EFA-8015-D7E293757F8C}.Debug|Any CPU.Build.0 = Debug|Any CPU
		{CA99777C-CC99-4EFA-8015-D7E293757F8C}.Release|Any CPU.ActiveCfg = Release|Any CPU
		{CA99777C-CC99-4EFA-8015-D7E293757F8C}.Release|Any CPU.Build.0 = Release|Any CPU
		{40120A7D-E34B-41D0-8A7E-31599EB26B94}.Debug|Any CPU.ActiveCfg = Debug|Any CPU
		{40120A7D-E34B-41D0-8A7E-31599EB26B94}.Debug|Any CPU.Build.0 = Debug|Any CPU
		{40120A7D-E34B-41D0-8A7E-31599EB26B94}.Release|Any CPU.ActiveCfg = Release|Any CPU
		{40120A7D-E34B-41D0-8A7E-31599EB26B94}.Release|Any CPU.Build.0 = Release|Any CPU
		{CD961453-2A07-495F-9E81-B578570938D4}.Debug|Any CPU.ActiveCfg = Debug|Any CPU
		{CD961453-2A07-495F-9E81-B578570938D4}.Debug|Any CPU.Build.0 = Debug|Any CPU
		{CD961453-2A07-495F-9E81-B578570938D4}.Release|Any CPU.ActiveCfg = Release|Any CPU
		{CD961453-2A07-495F-9E81-B578570938D4}.Release|Any CPU.Build.0 = Release|Any CPU
		{C6204B47-92BA-42CC-999D-056B9316B375}.Debug|Any CPU.ActiveCfg = Debug|Any CPU
		{C6204B47-92BA-42CC-999D-056B9316B375}.Debug|Any CPU.Build.0 = Debug|Any CPU
		{C6204B47-92BA-42CC-999D-056B9316B375}.Release|Any CPU.ActiveCfg = Release|Any CPU
		{C6204B47-92BA-42CC-999D-056B9316B375}.Release|Any CPU.Build.0 = Release|Any CPU
		{55FC4FC7-5BDA-4329-9EF7-C1C63A16905F}.Debug|Any CPU.ActiveCfg = Debug|Any CPU
		{55FC4FC7-5BDA-4329-9EF7-C1C63A16905F}.Debug|Any CPU.Build.0 = Debug|Any CPU
		{55FC4FC7-5BDA-4329-9EF7-C1C63A16905F}.Release|Any CPU.ActiveCfg = Release|Any CPU
		{55FC4FC7-5BDA-4329-9EF7-C1C63A16905F}.Release|Any CPU.Build.0 = Release|Any CPU
		{0E1722B8-703A-4AD0-8806-F86821054399}.Debug|Any CPU.ActiveCfg = Debug|Any CPU
		{0E1722B8-703A-4AD0-8806-F86821054399}.Debug|Any CPU.Build.0 = Debug|Any CPU
		{0E1722B8-703A-4AD0-8806-F86821054399}.Release|Any CPU.ActiveCfg = Release|Any CPU
		{0E1722B8-703A-4AD0-8806-F86821054399}.Release|Any CPU.Build.0 = Release|Any CPU
		{B9366A11-31E2-4D2D-BFF0-1B515155685A}.Debug|Any CPU.ActiveCfg = Debug|Any CPU
		{B9366A11-31E2-4D2D-BFF0-1B515155685A}.Debug|Any CPU.Build.0 = Debug|Any CPU
		{B9366A11-31E2-4D2D-BFF0-1B515155685A}.Release|Any CPU.ActiveCfg = Release|Any CPU
		{B9366A11-31E2-4D2D-BFF0-1B515155685A}.Release|Any CPU.Build.0 = Release|Any CPU
		{EF84714B-0EC6-416F-82CD-9C6F9D780E6D}.Debug|Any CPU.ActiveCfg = Debug|Any CPU
		{EF84714B-0EC6-416F-82CD-9C6F9D780E6D}.Debug|Any CPU.Build.0 = Debug|Any CPU
		{EF84714B-0EC6-416F-82CD-9C6F9D780E6D}.Release|Any CPU.ActiveCfg = Release|Any CPU
		{EF84714B-0EC6-416F-82CD-9C6F9D780E6D}.Release|Any CPU.Build.0 = Release|Any CPU
		{0FE5B3CB-9E97-426E-B348-B86EBC2BE427}.Debug|Any CPU.ActiveCfg = Debug|Any CPU
		{0FE5B3CB-9E97-426E-B348-B86EBC2BE427}.Debug|Any CPU.Build.0 = Debug|Any CPU
		{0FE5B3CB-9E97-426E-B348-B86EBC2BE427}.Release|Any CPU.ActiveCfg = Release|Any CPU
		{0FE5B3CB-9E97-426E-B348-B86EBC2BE427}.Release|Any CPU.Build.0 = Release|Any CPU
		{F965294A-CDA3-473E-960F-6BE06D2082D5}.Debug|Any CPU.ActiveCfg = Debug|Any CPU
		{F965294A-CDA3-473E-960F-6BE06D2082D5}.Debug|Any CPU.Build.0 = Debug|Any CPU
		{F965294A-CDA3-473E-960F-6BE06D2082D5}.Release|Any CPU.ActiveCfg = Release|Any CPU
		{F965294A-CDA3-473E-960F-6BE06D2082D5}.Release|Any CPU.Build.0 = Release|Any CPU
		{39BBEAC1-9700-46A4-B910-0DB884B85E33}.Debug|Any CPU.ActiveCfg = Debug|Any CPU
		{39BBEAC1-9700-46A4-B910-0DB884B85E33}.Debug|Any CPU.Build.0 = Debug|Any CPU
		{39BBEAC1-9700-46A4-B910-0DB884B85E33}.Release|Any CPU.ActiveCfg = Release|Any CPU
		{39BBEAC1-9700-46A4-B910-0DB884B85E33}.Release|Any CPU.Build.0 = Release|Any CPU
		{2E21CB4B-3A26-4B73-B77B-072D504251F7}.Debug|Any CPU.ActiveCfg = Debug|Any CPU
		{2E21CB4B-3A26-4B73-B77B-072D504251F7}.Debug|Any CPU.Build.0 = Debug|Any CPU
		{2E21CB4B-3A26-4B73-B77B-072D504251F7}.Release|Any CPU.ActiveCfg = Release|Any CPU
		{2E21CB4B-3A26-4B73-B77B-072D504251F7}.Release|Any CPU.Build.0 = Release|Any CPU
		{9B9954CF-FF89-4B59-8673-4AEE8B57BB8B}.Debug|Any CPU.ActiveCfg = Debug|Any CPU
		{9B9954CF-FF89-4B59-8673-4AEE8B57BB8B}.Debug|Any CPU.Build.0 = Debug|Any CPU
		{9B9954CF-FF89-4B59-8673-4AEE8B57BB8B}.Release|Any CPU.ActiveCfg = Release|Any CPU
		{9B9954CF-FF89-4B59-8673-4AEE8B57BB8B}.Release|Any CPU.Build.0 = Release|Any CPU
		{D491AD94-5FB7-4716-8430-D647A170B71F}.Debug|Any CPU.ActiveCfg = Debug|Any CPU
		{D491AD94-5FB7-4716-8430-D647A170B71F}.Debug|Any CPU.Build.0 = Debug|Any CPU
		{D491AD94-5FB7-4716-8430-D647A170B71F}.Release|Any CPU.ActiveCfg = Release|Any CPU
		{D491AD94-5FB7-4716-8430-D647A170B71F}.Release|Any CPU.Build.0 = Release|Any CPU
		{D446CDC6-5C57-4E27-9CE2-3A6C3192132A}.Debug|Any CPU.ActiveCfg = Debug|Any CPU
		{D446CDC6-5C57-4E27-9CE2-3A6C3192132A}.Debug|Any CPU.Build.0 = Debug|Any CPU
		{D446CDC6-5C57-4E27-9CE2-3A6C3192132A}.Release|Any CPU.ActiveCfg = Release|Any CPU
		{D446CDC6-5C57-4E27-9CE2-3A6C3192132A}.Release|Any CPU.Build.0 = Release|Any CPU
		{537DBC2D-4907-4574-A4FA-DBFDA7CB3847}.Debug|Any CPU.ActiveCfg = Debug|Any CPU
		{537DBC2D-4907-4574-A4FA-DBFDA7CB3847}.Debug|Any CPU.Build.0 = Debug|Any CPU
		{537DBC2D-4907-4574-A4FA-DBFDA7CB3847}.Release|Any CPU.ActiveCfg = Release|Any CPU
		{537DBC2D-4907-4574-A4FA-DBFDA7CB3847}.Release|Any CPU.Build.0 = Release|Any CPU
		{853E9010-3931-4385-ADB7-BD35776FAFA7}.Debug|Any CPU.ActiveCfg = Debug|Any CPU
		{853E9010-3931-4385-ADB7-BD35776FAFA7}.Debug|Any CPU.Build.0 = Debug|Any CPU
		{853E9010-3931-4385-ADB7-BD35776FAFA7}.Release|Any CPU.ActiveCfg = Release|Any CPU
		{853E9010-3931-4385-ADB7-BD35776FAFA7}.Release|Any CPU.Build.0 = Release|Any CPU
	EndGlobalSection
	GlobalSection(SolutionProperties) = preSolution
		HideSolutionNode = FALSE
	EndGlobalSection
	GlobalSection(ExtensibilityGlobals) = postSolution
		SolutionGuid = {DBFEC672-F7A4-4810-8439-975B90C10108}
	EndGlobalSection
EndGlobal
